<?xml version="1.0" encoding="utf-8"?>
<Project ToolsVersion="4.0" xmlns="http://schemas.microsoft.com/developer/msbuild/2003">
  <ItemGroup>
    <Filter Include="Source Files">
      <UniqueIdentifier>{4FC737F1-C7A5-4376-A066-2A32D752A2FF}</UniqueIdentifier>
      <Extensions>cpp;c;cc;cxx;c++;def;odl;idl;hpj;bat;asm;asmx</Extensions>
    </Filter>
    <Filter Include="Header Files">
      <UniqueIdentifier>{93995380-89BD-4b04-88EB-625FBE52EBFB}</UniqueIdentifier>
      <Extensions>h;hh;hpp;hxx;h++;hm;inl;inc;ipp;xsd</Extensions>
    </Filter>
    <Filter Include="Resource Files">
      <UniqueIdentifier>{67DA6AB6-F800-4c08-8B7A-83BB121AAD01}</UniqueIdentifier>
      <Extensions>rc;ico;cur;bmp;dlg;rc2;rct;bin;rgs;gif;jpg;jpeg;jpe;resx;tiff;tif;png;wav;mfcribbon-ms</Extensions>
    </Filter>
  </ItemGroup>
  <ItemGroup>
    <ClCompile Include="CVMaster.cpp">
      <Filter>Source Files</Filter>
    </ClCompile>
    <ClCompile Include="random_featuredetector.cpp">
      <Filter>Source Files</Filter>
    </ClCompile>
    <ClCompile Include="feature_renderer.cpp">
      <Filter>Source Files</Filter>
    </ClCompile>
    <ClCompile Include="harriscorner_featuredetector.cpp">
      <Filter>Source Files</Filter>
    </ClCompile>
    <ClCompile Include="imagefilter.cpp">
      <Filter>Source Files</Filter>
    </ClCompile>
    <ClCompile Include="sobelfilter.cpp">
      <Filter>Source Files</Filter>
    </ClCompile>
    <ClCompile Include="checkerboarddetector.cpp">
      <Filter>Source Files</Filter>
    </ClCompile>
    <ClCompile Include="hough_linefinder.cpp">
      <Filter>Source Files</Filter>
    </ClCompile>
    <ClCompile Include="display.cpp">
      <Filter>Source Files</Filter>
    </ClCompile>
  </ItemGroup>
  <ItemGroup>
    <ClInclude Include="include\ifeaturedetector.h">
      <Filter>Header Files</Filter>
    </ClInclude>
    <ClInclude Include="include\typedefinitions.h">
      <Filter>Header Files</Filter>
    </ClInclude>
    <ClInclude Include="include\random_featuredetector.h">
      <Filter>Header Files</Filter>
    </ClInclude>
    <ClInclude Include="include\irenderer.h">
      <Filter>Header Files</Filter>
    </ClInclude>
    <ClInclude Include="include\feature_renderer.h">
      <Filter>Header Files</Filter>
    </ClInclude>
    <ClInclude Include="include\idescriptorcomputer.h">
      <Filter>Header Files</Filter>
    </ClInclude>
    <ClInclude Include="include\feature.h">
      <Filter>Header Files</Filter>
    </ClInclude>
    <ClInclude Include="include\harriscorner_featuredetector.h">
      <Filter>Header Files</Filter>
    </ClInclude>
    <ClInclude Include="include\imagefilter.h">
      <Filter>Header Files</Filter>
    </ClInclude>
    <ClInclude Include="include\sobelfilter.h">
      <Filter>Header Files</Filter>
    </ClInclude>
    <ClInclude Include="include\checkerboarddetector.h">
      <Filter>Header Files</Filter>
    </ClInclude>
    <ClInclude Include="include\hough_linefinder.h">
      <Filter>Header Files</Filter>
    </ClInclude>
    <ClInclude Include="include\display.h">
      <Filter>Header Files</Filter>
    </ClInclude>
    <ClInclude Include="include\checkerboard.h">
      <Filter>Header Files</Filter>
    </ClInclude>
    <ClInclude Include="include\localIntensityDimming.h">
      <Filter>Header Files</Filter>
    </ClInclude>
  </ItemGroup>
</Project>